{
  "name": "test-agent-data",
  "version": "1.0.0",
  "lockfileVersion": 3,
  "requires": true,
  "packages": {
    "": {
      "name": "test-agent-data",
      "version": "1.0.0",
      "dependencies": {
        "node-fetch": "^3.3.2",
        "redis": "^5.8.0"
      }
    },
    "node_modules/@redis/bloom": {
      "version": "5.8.0",
      "resolved": "https://registry.npmjs.org/@redis/bloom/-/bloom-5.8.0.tgz",
      "integrity": "sha512-kpKZzAAjGiGYn88Bqq6+ozxPg6kGYWRZH9vnOwGcoSCbrW14SZpZVMYMFSio8FH9ZJUdUcmT/RLGlA1W1t0UWQ==",
      "license": "MIT",
      "engines": {
        "node": ">= 18"
      },
      "peerDependencies": {
        "@redis/client": "^5.8.0"
      }
    },
    "node_modules/@redis/client": {
      "version": "5.8.0",
      "resolved": "https://registry.npmjs.org/@redis/client/-/client-5.8.0.tgz",
      "integrity": "sha512-ywZjKGoSSAECGYOd9bJpws6d4867SN686obUWT/sRmo1c/Q8V+jWyInvlqwKa0BOvTHHwYeB2WFUEvd6PADeOQ==",
      "license": "MIT",
      "dependencies": {
        "cluster-key-slot": "1.1.2"
      },
      "engines": {
        "node": ">= 18"
      }
    },
    "node_modules/@redis/json": {
      "version": "5.8.0",
      "resolved": "https://registry.npmjs.org/@redis/json/-/json-5.8.0.tgz",
      "integrity": "sha512-xPBpwY6aKoRzMSu67MpwrBiSliON9bfHo9Y/pSPBjW8/KoOm1MzGqwJUO20qdjXpFoKJsDWwxIE1LHdBNzcImw==",
      "license": "MIT",
      "engines": {
        "node": ">= 18"
      },
      "peerDependencies": {
        "@redis/client": "^5.8.0"
      }
    },
    "node_modules/@redis/search": {
      "version": "5.8.0",
      "resolved": "https://registry.npmjs.org/@redis/search/-/search-5.8.0.tgz",
      "integrity": "sha512-lF9pNv9vySmirm1EzCH6YeRjhvH6lLT7tvebYHEM7WTkEQ/7kZWb4athliKESHpxzTQ36U9UbzuedSywHV6OhQ==",
      "license": "MIT",
      "engines": {
        "node": ">= 18"
      },
      "peerDependencies": {
        "@redis/client": "^5.8.0"
      }
    },
    "node_modules/@redis/time-series": {
      "version": "5.8.0",
      "resolved": "https://registry.npmjs.org/@redis/time-series/-/time-series-5.8.0.tgz",
      "integrity": "sha512-kPTlW2ACXokjQNXjCD8Pw9mHDoB94AHUlHFahyjxz9lUJUVwiva2Dgfrd2k3JxHhSBqyY2PREIj9YwIUSTSSqQ==",
      "license": "MIT",
      "engines": {
        "node": ">= 18"
      },
      "peerDependencies": {
        "@redis/client": "^5.8.0"
      }
    },
    "node_modules/cluster-key-slot": {
      "version": "1.1.2",
      "resolved": "https://registry.npmjs.org/cluster-key-slot/-/cluster-key-slot-1.1.2.tgz",
      "integrity": "sha512-RMr0FhtfXemyinomL4hrWcYJxmX6deFdCxpJzhDttxgO1+bcCnkk+9drydLVDmAMG7NE6aN/fl4F7ucU/90gAA==",
      "license": "Apache-2.0",
      "engines": {
        "node": ">=0.10.0"
      }
    },
    "node_modules/data-uri-to-buffer": {
      "version": "4.0.1",
      "resolved": "https://registry.npmjs.org/data-uri-to-buffer/-/data-uri-to-buffer-4.0.1.tgz",
      "integrity": "sha512-0R9ikRb668HB7QDxT1vkpuUBtqc53YyAwMwGeUFKRojY/NWKvdZ+9UYtRfGmhqNbRkTSVpMbmyhXipFFv2cb/A==",
      "license": "MIT",
      "engines": {
        "node": ">= 12"
      }
    },
    "node_modules/fetch-blob": {
      "version": "3.2.0",
      "resolved": "https://registry.npmjs.org/fetch-blob/-/fetch-blob-3.2.0.tgz",
      "integrity": "sha512-7yAQpD2UMJzLi1Dqv7qFYnPbaPx7ZfFK6PiIxQ4PfkGPyNyl2Ugx+a/umUonmKqjhM4DnfbMvdX6otXq83soQQ==",
      "funding": [
        {
          "type": "github",
          "url": "https://github.com/sponsors/jimmywarting"
        },
        {
          "type": "paypal",
          "url": "https://paypal.me/jimmywarting"
        }
      ],
      "license": "MIT",
      "dependencies": {
        "node-domexception": "^1.0.0",
        "web-streams-polyfill": "^3.0.3"
      },
      "engines": {
        "node": "^12.20 || >= 14.13"
      }
    },
    "node_modules/formdata-polyfill": {
      "version": "4.0.10",
      "resolved": "https://registry.npmjs.org/formdata-polyfill/-/formdata-polyfill-4.0.10.tgz",
      "integrity": "sha512-buewHzMvYL29jdeQTVILecSaZKnt/RJWjoZCF5OW60Z67/GmSLBkOFM7qh1PI3zFNtJbaZL5eQu1vLfazOwj4g==",
      "license": "MIT",
      "dependencies": {
        "fetch-blob": "^3.1.2"
      },
      "engines": {
        "node": ">=12.20.0"
      }
    },
    "node_modules/node-domexception": {
      "version": "1.0.0",
      "resolved": "https://registry.npmjs.org/node-domexception/-/node-domexception-1.0.0.tgz",
      "integrity": "sha512-/jKZoMpw0F8GRwl4/eLROPA3cfcXtLApP0QzLmUT/HuPCZWyB7IY9ZrMeKw2O/nFIqPQB3PVM9aYm0F312AXDQ==",
      "deprecated": "Use your platform's native DOMException instead",
      "funding": [
        {
          "type": "github",
          "url": "https://github.com/sponsors/jimmywarting"
        },
        {
          "type": "github",
          "url": "https://paypal.me/jimmywarting"
        }
      ],
      "license": "MIT",
      "engines": {
        "node": ">=10.5.0"
      }
    },
    "node_modules/node-fetch": {
      "version": "3.3.2",
      "resolved": "https://registry.npmjs.org/node-fetch/-/node-fetch-3.3.2.tgz",
      "integrity": "sha512-dRB78srN/l6gqWulah9SrxeYnxeddIG30+GOqK/9OlLVyLg3HPnr6SqOWTWOXKRwC2eGYCkZ59NNuSgvSrpgOA==",
      "license": "MIT",
      "dependencies": {
        "data-uri-to-buffer": "^4.0.0",
        "fetch-blob": "^3.1.4",
        "formdata-polyfill": "^4.0.10"
      },
      "engines": {
        "node": "^12.20.0 || ^14.13.1 || >=16.0.0"
      },
      "funding": {
        "type": "opencollective",
        "url": "https://opencollective.com/node-fetch"
      }
    },
    "node_modules/redis": {
      "version": "5.8.0",
      "resolved": "https://registry.npmjs.org/redis/-/redis-5.8.0.tgz",
      "integrity": "sha512-re0MHm1KHbiVIUPDGoUM3jldvjH5EM/wGZ3A33gyUYoC/UnVNKNnZHM5hcJVry7L2O2eJU3nflSXTliv10BTKg==",
      "license": "MIT",
      "dependencies": {
        "@redis/bloom": "5.8.0",
        "@redis/client": "5.8.0",
        "@redis/json": "5.8.0",
        "@redis/search": "5.8.0",
        "@redis/time-series": "5.8.0"
      },
      "engines": {
        "node": ">= 18"
      }
    },
    "node_modules/web-streams-polyfill": {
      "version": "3.3.3",
      "resolved": "https://registry.npmjs.org/web-streams-polyfill/-/web-streams-polyfill-3.3.3.tgz",
      "integrity": "sha512-d2JWLCivmZYTSIoge9MsgFCZrt571BikcWGYkjC1khllbTeDlGqZ2D8vD8E/lJa8WGWbb7Plm8/XJYV7IJHZZw==",
      "license": "MIT",
      "engines": {
        "node": ">= 8"
      }
    }
  }
}
